
Microsoft Visual Studio Solution File, Format Version 12.00
# Visual Studio 14
VisualStudioVersion = 14.0.25420.1
MinimumVisualStudioVersion = 10.0.40219.1
Project("{FAE04EC0-301F-11D3-BF4B-00C04F79EFBC}") = "ShoppingCartTest", "ShoppingCartTest.csproj", "{D8EE24DB-6571-41A7-BCC8-DA3EDDE6D78E}"
EndProject
Project("{FAE04EC0-301F-11D3-BF4B-00C04F79EFBC}") = "ShoppingCart", "..\ShoppingCart\ShoppingCart.csproj", "{FE1CDFCE-769C-4B2B-A70C-BD30CA400716}"
EndProject
Global
	GlobalSection(SolutionConfigurationPlatforms) = preSolution
		Debug|Any CPU = Debug|Any CPU
		Release|Any CPU = Release|Any CPU
	EndGlobalSection
	GlobalSection(ProjectConfigurationPlatforms) = postSolution
		{D8EE24DB-6571-41A7-BCC8-DA3EDDE6D78E}.Debug|Any CPU.ActiveCfg = Debug|Any CPU
		{D8EE24DB-6571-41A7-BCC8-DA3EDDE6D78E}.Debug|Any CPU.Build.0 = Debug|Any CPU
		{D8EE24DB-6571-41A7-BCC8-DA3EDDE6D78E}.Release|Any CPU.ActiveCfg = Release|Any CPU
		{D8EE24DB-6571-41A7-BCC8-DA3EDDE6D78E}.Release|Any CPU.Build.0 = Release|Any CPU
		{FE1CDFCE-769C-4B2B-A70C-BD30CA400716}.Debug|Any CPU.ActiveCfg = Debug|Any CPU
		{FE1CDFCE-769C-4B2B-A70C-BD30CA400716}.Debug|Any CPU.Build.0 = Debug|Any CPU
		{FE1CDFCE-769C-4B2B-A70C-BD30CA400716}.Release|Any CPU.ActiveCfg = Release|Any CPU
		{FE1CDFCE-769C-4B2B-A70C-BD30CA400716}.Release|Any CPU.Build.0 = Release|Any CPU
	EndGlobalSection
	GlobalSection(SolutionProperties) = preSolution
		HideSolutionNode = FALSE
	EndGlobalSection
EndGlobal
